// !$*UTF8*$!
{
	archiveVersion = 1;
	classes = {
	};
	objectVersion = 50;
	objects = {

/* Begin PBXBuildFile section */
		F6FBAD7323CAABBD0002F116 /* AppDelegate.swift in Sources */ = {isa = PBXBuildFile; fileRef = F6FBAD7223CAABBD0002F116 /* AppDelegate.swift */; };
		F6FBAD7523CAABBD0002F116 /* SceneDelegate.swift in Sources */ = {isa = PBXBuildFile; fileRef = F6FBAD7423CAABBD0002F116 /* SceneDelegate.swift */; };
		F6FBAD7723CAABBD0002F116 /* ContentView.swift in Sources */ = {isa = PBXBuildFile; fileRef = F6FBAD7623CAABBD0002F116 /* ContentView.swift */; };
		F6FBAD7923CAABBF0002F116 /* Assets.xcassets in Resources */ = {isa = PBXBuildFile; fileRef = F6FBAD7823CAABBF0002F116 /* Assets.xcassets */; };
		F6FBAD7C23CAABBF0002F116 /* Preview Assets.xcassets in Resources */ = {isa = PBXBuildFile; fileRef = F6FBAD7B23CAABBF0002F116 /* Preview Assets.xcassets */; };
		F6FBAD7F23CAABBF0002F116 /* LaunchScreen.storyboard in Resources */ = {isa = PBXBuildFile; fileRef = F6FBAD7D23CAABBF0002F116 /* LaunchScreen.storyboard */; };
		F6FBAD8723CAB15C0002F116 /* RandomImageSelector.swift in Sources */ = {isa = PBXBuildFile; fileRef = F6FBAD8623CAB15C0002F116 /* RandomImageSelector.swift */; };
/* End PBXBuildFile section */

/* Begin PBXFileReference section */
		F6FBAD6F23CAABBD0002F116 /* binding-swiftui.app */ = {isa = PBXFileReference; explicitFileType = wrapper.application; includeInIndex = 0; path = "binding-swiftui.app"; sourceTree = BUILT_PRODUCTS_DIR; };
		F6FBAD7223CAABBD0002F116 /* AppDelegate.swift */ = {isa = PBXFileReference; lastKnownFileType = sourcecode.swift; path = AppDelegate.swift; sourceTree = "<group>"; };
		F6FBAD7423CAABBD0002F116 /* SceneDelegate.swift */ = {isa = PBXFileReference; lastKnownFileType = sourcecode.swift; path = SceneDelegate.swift; sourceTree = "<group>"; };
		F6FBAD7623CAABBD0002F116 /* ContentView.swift */ = {isa = PBXFileReference; lastKnownFileType = sourcecode.swift; path = ContentView.swift; sourceTree = "<group>"; };
		F6FBAD7823CAABBF0002F116 /* Assets.xcassets */ = {isa = PBXFileReference; lastKnownFileType = folder.assetcatalog; path = Assets.xcassets; sourceTree = "<group>"; };
		F6FBAD7B23CAABBF0002F116 /* Preview Assets.xcassets */ = {isa = PBXFileReference; lastKnownFileType = folder.assetcatalog; path = "Preview Assets.xcassets"; sourceTree = "<group>"; };
		F6FBAD7E23CAABBF0002F116 /* Base */ = {isa = PBXFileReference; lastKnownFileType = file.storyboard; name = Base; path = Base.lproj/LaunchScreen.storyboard; sourceTree = "<group>"; };
		F6FBAD8023CAABBF0002F116 /* Info.plist */ = {isa = PBXFileReference; lastKnownFileType = text.plist.xml; path = Info.plist; sourceTree = "<group>"; };
		F6FBAD8623CAB15C0002F116 /* RandomImageSelector.swift */ = {isa = PBXFileReference; lastKnownFileType = sourcecode.swift; path = RandomImageSelector.swift; sourceTree = "<group>"; };
/* End PBXFileReference section */

/* Begin PBXFrameworksBuildPhase section */
		F6FBAD6C23CAABBD0002F116 /* Frameworks */ = {
			isa = PBXFrameworksBuildPhase;
			buildActionMask = 2147483647;
			files = (
			);
			runOnlyForDeploymentPostprocessing = 0;
		};
/* End PBXFrameworksBuildPhase section */

/* Begin PBXGroup section */
		F6FBAD6623CAABBD0002F116 = {
			isa = PBXGroup;
			children = (
				F6FBAD7123CAABBD0002F116 /* binding-swiftui */,
				F6FBAD7023CAABBD0002F116 /* Products */,
			);
			sourceTree = "<group>";
		};
		F6FBAD7023CAABBD0002F116 /* Products */ = {
			isa = PBXGroup;
			children = (
				F6FBAD6F23CAABBD0002F116 /* binding-swiftui.app */,
			);
			name = Products;
			sourceTree = "<group>";
		};
		F6FBAD7123CAABBD0002F116 /* binding-swiftui */ = {
			isa = PBXGroup;
			children = (
				F6FBAD7223CAABBD0002F116 /* AppDelegate.swift */,
				F6FBAD7423CAABBD0002F116 /* SceneDelegate.swift */,
				F6FBAD7623CAABBD0002F116 /* ContentView.swift */,
				F6FBAD7823CAABBF0002F116 /* Assets.xcassets */,
				F6FBAD7D23CAABBF0002F116 /* LaunchScreen.storyboard */,
				F6FBAD8023CAABBF0002F116 /* Info.plist */,
				F6FBAD7A23CAABBF0002F116 /* Preview Content */,
				F6FBAD8623CAB15C0002F116 /* RandomImageSelector.swift */,
			);
			path = "binding-swiftui";
			sourceTree = "<group>";
		};
		F6FBAD7A23CAABBF0002F116 /* Preview Content */ = {
			isa = PBXGroup;
			children = (
				F6FBAD7B23CAABBF0002F116 /* Preview Assets.xcassets */,
			);
			path = "Preview Content";
			sourceTree = "<group>";
		};
/* End PBXGroup section */

/* Begin PBXNativeTarget section */
		F6FBAD6E23CAABBD0002F116 /* binding-swiftui */ = {
			isa = PBXNativeTarget;
			buildConfigurationList = F6FBAD8323CAABBF0002F116 /* Build configuration list for PBXNativeTarget "binding-swiftui" */;
			buildPhases = (
				F6FBAD6B23CAABBD0002F116 /* Sources */,
				F6FBAD6C23CAABBD0002F116 /* Frameworks */,
				F6FBAD6D23CAABBD0002F116 /* Resources */,
			);
			buildRules = (
			);
			dependencies = (
			);
			name = "binding-swiftui";
			productName = "binding-swiftui";
			productReference = F6FBAD6F23CAABBD0002F116 /* binding-swiftui.app */;
			productType = "com.apple.product-type.application";
		};
/* End PBXNativeTarget section */

/* Begin PBXProject section */
		F6FBAD6723CAABBD0002F116 /* Project object */ = {
			isa = PBXProject;
			attributes = {
				LastSwiftUpdateCheck = 1130;
				LastUpgradeCheck = 1130;
				ORGANIZATIONNAME = "Gaurav Parvadiya";
				TargetAttributes = {
					F6FBAD6E23CAABBD0002F116 = {
						CreatedOnToolsVersion = 11.3;
					};
				};
			};
			buildConfigurationList = F6FBAD6A23CAABBD0002F116 /* Build configuration list for PBXProject "binding-swiftui" */;
			compatibilityVersion = "Xcode 9.3";
			developmentRegion = en;
			hasScannedForEncodings = 0;
			knownRegions = (
				en,
				Base,
			);
			mainGroup = F6FBAD6623CAABBD0002F116;
			productRefGroup = F6FBAD7023CAABBD0002F116 /* Products */;
			projectDirPath = "";
			projectRoot = "";
			targets = (
				F6FBAD6E23CAABBD0002F116 /* binding-swiftui */,
			);
		};
/* End PBXProject section */

/* Begin PBXResourcesBuildPhase section */
		F6FBAD6D23CAABBD0002F116 /* Resources */ = {
			isa = PBXResourcesBuildPhase;
			buildActionMask = 2147483647;
			files = (
				F6FBAD7F23CAABBF0002F116 /* LaunchScreen.storyboard in Resources */,
				F6FBAD7C23CAABBF0002F116 /* Preview Assets.xcassets in Resources */,
				F6FBAD7923CAABBF0002F116 /* Assets.xcassets in Resources */,
			);
			runOnlyForDeploymentPostprocessing = 0;
		};
/* End PBXResourcesBuildPhase section */

/* Begin PBXSourcesBuildPhase section */
		F6FBAD6B23CAABBD0002F116 /* Sources */ = {
			isa = PBXSourcesBuildPhase;
			buildActionMask = 2147483647;
			files = (
				F6FBAD7323CAABBD0002F116 /* AppDelegate.swift in Sources */,
				F6FBAD8723CAB15C0002F116 /* RandomImageSelector.swift in Sources */,
				F6FBAD7523CAABBD0002F116 /* SceneDelegate.swift in Sources */,
				F6FBAD7723CAABBD0002F116 /* ContentView.swift in Sources */,
			);
			runOnlyForDeploymentPostprocessing = 0;
		};
/* End PBXSourcesBuildPhase section */

/* Begin PBXVariantGroup section */
		F6FBAD7D23CAABBF0002F116 /* LaunchScreen.storyboard */ = {
			isa = PBXVariantGroup;
			children = (
				F6FBAD7E23CAABBF0002F116 /* Base */,
			);
			name = LaunchScreen.storyboard;
			sourceTree = "<group>";
		};
/* End PBXVariantGroup section */

/* Begin XCBuildConfiguration section */
		F6FBAD8123CAABBF0002F116 /* Debug */ = {
			isa = XCBuildConfiguration;
			buildSettings = {
				ALWAYS_SEARCH_USER_PATHS = NO;
				CLANG_ANALYZER_NONNULL = YES;
				CLANG_ANALYZER_NUMBER_OBJECT_CONVERSION = YES_AGGRESSIVE;
				CLANG_CXX_LANGUAGE_STANDARD = "gnu++14";
				CLANG_CXX_LIBRARY = "libc++";
				CLANG_ENABLE_MODULES = YES;
				CLANG_ENABLE_OBJC_ARC = YES;
				CLANG_ENABLE_OBJC_WEAK = YES;
				CLANG_WARN_BLOCK_CAPTURE_AUTORELEASING = YES;
				CLANG_WARN_BOOL_CONVERSION = YES;
				CLANG_WARN_COMMA = YES;
				CLANG_WARN_CONSTANT_CONVERSION = YES;
				CLANG_WARN_DEPRECATED_OBJC_IMPLEMENTATIONS = YES;
				CLANG_WARN_DIRECT_OBJC_ISA_USAGE = YES_ERROR;
				CLANG_WARN_DOCUMENTATION_COMMENTS = YES;
				CLANG_WARN_EMPTY_BODY = YES;
				CLANG_WARN_ENUM_CONVERSION = YES;
				CLANG_WARN_INFINITE_RECURSION = YES;
				CLANG_WARN_INT_CONVERSION = YES;
				CLANG_WARN_NON_LITERAL_NULL_CONVERSION = YES;
				CLANG_WARN_OBJC_IMPLICIT_RETAIN_SELF = YES;
				CLANG_WARN_OBJC_LITERAL_CONVERSION = YES;
				CLANG_WARN_OBJC_ROOT_CLASS = YES_ERROR;
				CLANG_WARN_RANGE_LOOP_ANALYSIS = YES;
				CLANG_WARN_STRICT_PROTOTYPES = YES;
				CLANG_WARN_SUSPICIOUS_MOVE = YES;
				CLANG_WARN_UNGUARDED_AVAILABILITY = YES_AGGRESSIVE;
				CLANG_WARN_UNREACHABLE_CODE = YES;
				CLANG_WARN__DUPLICATE_METHOD_MATCH = YES;
				COPY_PHASE_STRIP = NO;
				DEBUG_INFORMATION_FORMAT = dwarf;
				ENABLE_STRICT_OBJC_MSGSEND = YES;
				ENABLE_TESTABILITY = YES;
				GCC_C_LANGUAGE_STANDARD = gnu11;
				GCC_DYNAMIC_NO_PIC = NO;
				GCC_NO_COMMON_BLOCKS = YES;
				GCC_OPTIMIZATION_LEVEL = 0;
				GCC_PREPROCESSOR_DEFINITIONS = (
					"DEBUG=1",
					"$(inherited)",
				);
				GCC_WARN_64_TO_32_BIT_CONVERSION = YES;
				GCC_WARN_ABOUT_RETURN_TYPE = YES_ERROR;
				GCC_WARN_UNDECLARED_SELECTOR = YES;
				GCC_WARN_UNINITIALIZED_AUTOS = YES_AGGRESSIVE;
				GCC_WARN_UNUSED_FUNCTION = YES;
				GCC_WARN_UNUSED_VARIABLE = YES;
				IPHONEOS_DEPLOYMENT_TARGET = 13.2;
				MTL_ENABLE_DEBUG_INFO = INCLUDE_SOURCE;
				MTL_FAST_MATH = YES;
				ONLY_ACTIVE_ARCH = YES;
				SDKROOT = iphoneos;
				SWIFT_ACTIVE_COMPILATION_CONDITIONS = DEBUG;
				SWIFT_OPTIMIZATION_LEVEL = "-Onone";
			};
			name = Debug;
		};
		F6FBAD8223CAABBF0002F116 /* Release */ = {
			isa = XCBuildConfiguration;
			buildSettings = {
				ALWAYS_SEARCH_USER_PATHS = NO;
				CLANG_ANALYZER_NONNULL = YES;
				CLANG_ANALYZER_NUMBER_OBJECT_CONVERSION = YES_AGGRESSIVE;
				CLANG_CXX_LANGUAGE_STANDARD = "gnu++14";
				CLANG_CXX_LIBRARY = "libc++";
				CLANG_ENABLE_MODULES = YES;
				CLANG_ENABLE_OBJC_ARC = YES;
				CLANG_ENABLE_OBJC_WEAK = YES;
				CLANG_WARN_BLOCK_CAPTURE_AUTORELEASING = YES;
				CLANG_WARN_BOOL_CONVERSION = YES;
				CLANG_WARN_COMMA = YES;
				CLANG_WARN_CONSTANT_CONVERSION = YES;
				CLANG_WARN_DEPRECATED_OBJC_IMPLEMENTATIONS = YES;
				CLANG_WARN_DIRECT_OBJC_ISA_USAGE = YES_ERROR;
				CLANG_WARN_DOCUMENTATION_COMMENTS = YES;
				CLANG_WARN_EMPTY_BODY = YES;
				CLANG_WARN_ENUM_CONVERSION = YES;
				CLANG_WARN_INFINITE_RECURSION = YES;
				CLANG_WARN_INT_CONVERSION = YES;
				CLANG_WARN_NON_LITERAL_NULL_CONVERSION = YES;
				CLANG_WARN_OBJC_IMPLICIT_RETAIN_SELF = YES;
				CLANG_WARN_OBJC_LITERAL_CONVERSION = YES;
				CLANG_WARN_OBJC_ROOT_CLASS = YES_ERROR;
				CLANG_WARN_RANGE_LOOP_ANALYSIS = YES;
				CLANG_WARN_STRICT_PROTOTYPES = YES;
				CLANG_WARN_SUSPICIOUS_MOVE = YES;
				CLANG_WARN_UNGUARDED_AVAILABILITY = YES_AGGRESSIVE;
				CLANG_WARN_UNREACHABLE_CODE = YES;
				CLANG_WARN__DUPLICATE_METHOD_MATCH = YES;
				COPY_PHASE_STRIP = NO;
				DEBUG_INFORMATION_FORMAT = "dwarf-with-dsym";
				ENABLE_NS_ASSERTIONS = NO;
				ENABLE_STRICT_OBJC_MSGSEND = YES;
				GCC_C_LANGUAGE_STANDARD = gnu11;
				GCC_NO_COMMON_BLOCKS = YES;
				GCC_WARN_64_TO_32_BIT_CONVERSION = YES;
				GCC_WARN_ABOUT_RETURN_TYPE = YES_ERROR;
				GCC_WARN_UNDECLARED_SELECTOR = YES;
				GCC_WARN_UNINITIALIZED_AUTOS = YES_AGGRESSIVE;
				GCC_WARN_UNUSED_FUNCTION = YES;
				GCC_WARN_UNUSED_VARIABLE = YES;
				IPHONEOS_DEPLOYMENT_TARGET = 13.2;
				MTL_ENABLE_DEBUG_INFO = NO;
				MTL_FAST_MATH = YES;
				SDKROOT = iphoneos;
				SWIFT_COMPILATION_MODE = wholemodule;
				SWIFT_OPTIMIZATION_LEVEL = "-O";
				VALIDATE_PRODUCT = YES;
			};
			name = Release;
		};
		F6FBAD8423CAABBF0002F116 /* Debug */ = {
			isa = XCBuildConfiguration;
			buildSettings = {
				ASSETCATALOG_COMPILER_APPICON_NAME = AppIcon;
				CODE_SIGN_STYLE = Automatic;
				DEVELOPMENT_ASSET_PATHS = "\"binding-swiftui/Preview Content\"";
				ENABLE_PREVIEWS = YES;
				INFOPLIST_FILE = "binding-swiftui/Info.plist";
				LD_RUNPATH_SEARCH_PATHS = (
					"$(inherited)",
					"@executable_path/Frameworks",
				);
				PRODUCT_BUNDLE_IDENTIFIER = "com.tekstark.binding-swiftui";
				PRODUCT_NAME = "$(TARGET_NAME)";
				SWIFT_VERSION = 5.0;
				TARGETED_DEVICE_FAMILY = "1,2";
			};
			name = Debug;
		};
		F6FBAD8523CAABBF0002F116 /* Release */ = {
			isa = XCBuildConfiguration;
			buildSettings = {
				ASSETCATALOG_COMPILER_APPICON_NAME = AppIcon;
				CODE_SIGN_STYLE = Automatic;
				DEVELOPMENT_ASSET_PATHS = "\"binding-swiftui/Preview Content\"";
				ENABLE_PREVIEWS = YES;
				INFOPLIST_FILE = "binding-swiftui/Info.plist";
				LD_RUNPATH_SEARCH_PATHS = (
					"$(inherited)",
					"@executable_path/Frameworks",
				);
				PRODUCT_BUNDLE_IDENTIFIER = "com.tekstark.binding-swiftui";
				PRODUCT_NAME = "$(TARGET_NAME)";
				SWIFT_VERSION = 5.0;
				TARGETED_DEVICE_FAMILY = "1,2";
			};
			name = Release;
		};
/* End XCBuildConfiguration section */

/* Begin XCConfigurationList section */
		F6FBAD6A23CAABBD0002F116 /* Build configuration list for PBXProject "binding-swiftui" */ = {
			isa = XCConfigurationList;
			buildConfigurations = (
				F6FBAD8123CAABBF0002F116 /* Debug */,
				F6FBAD8223CAABBF0002F116 /* Release */,
			);
			defaultConfigurationIsVisible = 0;
			defaultConfigurationName = Release;
		};
		F6FBAD8323CAABBF0002F116 /* Build configuration list for PBXNativeTarget "binding-swiftui" */ = {
			isa = XCConfigurationList;
			buildConfigurations = (
				F6FBAD8423CAABBF0002F116 /* Debug */,
				F6FBAD8523CAABBF0002F116 /* Release */,
			);
			defaultConfigurationIsVisible = 0;
			defaultConfigurationName = Release;
		};
/* End XCConfigurationList section */
	};
	rootObject = F6FBAD6723CAABBD0002F116 /* Project object */;
}
